
Microsoft Visual Studio Solution File, Format Version 12.00
# Visual Studio 15
VisualStudioVersion = 15.0.27130.0
MinimumVisualStudioVersion = 10.0.40219.1
Project("{2150E333-8FDC-42A3-9474-1A3956D46DE8}") = "Asynchronous", "Asynchronous", "{D4F1FF72-6172-4BC3-84ED-D11E26E44948}"
EndProject
Project("{FAE04EC0-301F-11D3-BF4B-00C04F79EFBC}") = "1.SynchronousForm", "SynchronousForm\1.SynchronousForm.csproj", "{B66D1B23-DDBE-4D80-B973-924FC40AFC66}"
EndProject
Project("{2150E333-8FDC-42A3-9474-1A3956D46DE8}") = "Stream", "Stream", "{AF31D7A6-B5B7-43F5-A818-7DBF3C901C57}"
EndProject
Project("{FAE04EC0-301F-11D3-BF4B-00C04F79EFBC}") = "StreamTest", "StreamTest\StreamTest.csproj", "{93A08086-65EB-43C6-9851-1CBB987C50F9}"
EndProject
Project("{FAE04EC0-301F-11D3-BF4B-00C04F79EFBC}") = "读写器", "读写器\读写器.csproj", "{006BA07E-3E10-427F-BB68-B7F9C69A11F6}"
EndProject
Project("{2150E333-8FDC-42A3-9474-1A3956D46DE8}") = "Thread", "Thread", "{85CD30CA-8FEF-4F83-989A-FA9C7EFE5F91}"
EndProject
Project("{FAE04EC0-301F-11D3-BF4B-00C04F79EFBC}") = "1.前后台线程", "前后台线程\1.前后台线程.csproj", "{98844B99-4D6A-4858-9E42-7A106A8F0E61}"
EndProject
Project("{FAE04EC0-301F-11D3-BF4B-00C04F79EFBC}") = "2.ThreadPool", "ThreadPool\2.ThreadPool.csproj", "{625AFA35-77E1-4038-9D66-FB669916CBB8}"
EndProject
Project("{FAE04EC0-301F-11D3-BF4B-00C04F79EFBC}") = "3.线程取消", "线程取消\3.线程取消.csproj", "{2416C779-60EA-4A65-9DD8-80FA33499D93}"
EndProject
Project("{FAE04EC0-301F-11D3-BF4B-00C04F79EFBC}") = "4.同步", "4.同步\4.同步.csproj", "{146832FD-AAA1-4017-B8E8-C649309EEC24}"
EndProject
Project("{FAE04EC0-301F-11D3-BF4B-00C04F79EFBC}") = "5.多线程锁时间", "5.多线程锁时间\5.多线程锁时间.csproj", "{C6B5A6DD-DBDE-4084-BF23-CCE12998029A}"
EndProject
Project("{2150E333-8FDC-42A3-9474-1A3956D46DE8}") = "模式", "模式", "{B501A32C-D54E-4F5F-9027-F03B3AB8A9B3}"
EndProject
Project("{FAE04EC0-301F-11D3-BF4B-00C04F79EFBC}") = "2.APM", "2.AMP\2.APM.csproj", "{C3991236-09F9-4E01-9713-658835EB92F5}"
EndProject
Project("{FAE04EC0-301F-11D3-BF4B-00C04F79EFBC}") = "3.EAP", "3.EAP\3.EAP.csproj", "{2B0035CA-C6D3-4912-AC9D-BFDFCAEED7E4}"
EndProject
Project("{FAE04EC0-301F-11D3-BF4B-00C04F79EFBC}") = "4.TAP", "4.TAP\4.TAP.csproj", "{FB07A813-9877-4585-A3D5-913BF45E146E}"
EndProject
Project("{2150E333-8FDC-42A3-9474-1A3956D46DE8}") = "Antdeploy", "Antdeploy", "{4AC572B2-4F61-4DC9-A2C7-CD53D5BEEE00}"
EndProject
Project("{FAE04EC0-301F-11D3-BF4B-00C04F79EFBC}") = "TestService", "TestService\TestService.csproj", "{14864CC9-347F-4A95-B0F4-DAE1426C453C}"
EndProject
Project("{FAE04EC0-301F-11D3-BF4B-00C04F79EFBC}") = "Pipeline", "Pipeline\Pipeline.csproj", "{BC06505C-88F3-4F98-AD47-F40C50291C89}"
EndProject
Project("{2150E333-8FDC-42A3-9474-1A3956D46DE8}") = "语言基础", "语言基础", "{B0AA8CF1-D844-404F-A663-6BC738A99365}"
EndProject
Project("{FAE04EC0-301F-11D3-BF4B-00C04F79EFBC}") = "基础类型", "基础类型\基础类型.csproj", "{CEF7E6B1-65A8-4ED3-A33E-E0D6C402519E}"
EndProject
Project("{2150E333-8FDC-42A3-9474-1A3956D46DE8}") = "Core", "Core", "{9BCEDF72-7093-4664-B512-4C2D52D70D2F}"
EndProject
Project("{9A19103F-16F7-4668-BE54-9A1E7A4F7556}") = "ConCore", "ConCore\ConCore.csproj", "{25CD91C8-5F0C-4350-B402-F99F09D7BC51}"
EndProject
Project("{2150E333-8FDC-42A3-9474-1A3956D46DE8}") = "委托", "委托", "{B665C1C2-CB59-4185-A2E8-D7A2C54EC6EF}"
EndProject
Project("{FAE04EC0-301F-11D3-BF4B-00C04F79EFBC}") = "delegete", "delegete\delegete.csproj", "{B1B0E629-AE0F-42EF-A8B4-900F1748B76C}"
EndProject
Project("{2150E333-8FDC-42A3-9474-1A3956D46DE8}") = "泛型", "泛型", "{51A325F9-91AD-4F27-A266-63D6C555A357}"
EndProject
Project("{FAE04EC0-301F-11D3-BF4B-00C04F79EFBC}") = "FX", "FX\FX.csproj", "{81AAE58F-D764-4E8C-AD58-87440FFC82B1}"
EndProject
Project("{2150E333-8FDC-42A3-9474-1A3956D46DE8}") = "反射", "反射", "{A3E33AB9-5808-4A17-9CA2-A0B26DC9ECF0}"
EndProject
Project("{FAE04EC0-301F-11D3-BF4B-00C04F79EFBC}") = "FS", "FS\FS.csproj", "{BCD2CF5A-131C-410E-AE89-7044421D82E8}"
EndProject
Project("{FAE04EC0-301F-11D3-BF4B-00C04F79EFBC}") = "FSDLL", "FSDLL\FSDLL.csproj", "{9B729CC7-98F4-4D4B-9275-83921BE0AD08}"
EndProject
Project("{FAE04EC0-301F-11D3-BF4B-00C04F79EFBC}") = "WebFramework", "WebFramework\WebFramework.csproj", "{261564B5-4C4F-4708-89CC-E78D783D4341}"
EndProject
Project("{2150E333-8FDC-42A3-9474-1A3956D46DE8}") = "设计模式", "设计模式", "{2B593B7A-8731-4446-8548-2B5681474577}"
EndProject
Project("{FAE04EC0-301F-11D3-BF4B-00C04F79EFBC}") = "单例模式", "单例模式\单例模式.csproj", "{7BB1C89F-8AE6-4424-BAA1-D05E3CCD6F4A}"
EndProject
Project("{FAE04EC0-301F-11D3-BF4B-00C04F79EFBC}") = "建造者模式", "建造者模式\建造者模式.csproj", "{84987D27-2E26-4F21-B5EB-8BB3452A4398}"
EndProject
Project("{FAE04EC0-301F-11D3-BF4B-00C04F79EFBC}") = "简单工程模式", "简单工程模式\简单工程模式.csproj", "{B00FCBA1-3502-4C33-8A20-DB4F8AB8A2DE}"
EndProject
Project("{FAE04EC0-301F-11D3-BF4B-00C04F79EFBC}") = "抽象工程模式", "抽象工程模式\抽象工程模式.csproj", "{8EEF259F-24F7-4B53-A015-529926498B0C}"
EndProject
Project("{2150E333-8FDC-42A3-9474-1A3956D46DE8}") = "EF", "EF", "{D0A5C5FB-691F-4043-8EE0-73061813105A}"
EndProject
Project("{FAE04EC0-301F-11D3-BF4B-00C04F79EFBC}") = "EFConsole", "EFConsole\EFConsole.csproj", "{1E535B9D-EA6B-49B9-9127-88B547001F73}"
EndProject
Project("{FAE04EC0-301F-11D3-BF4B-00C04F79EFBC}") = "观察者模式", "观察者模式\观察者模式.csproj", "{2487E382-4376-4DA0-BB4E-DE9F775DE444}"
EndProject
Project("{FAE04EC0-301F-11D3-BF4B-00C04F79EFBC}") = "WebCore", "WebCore\WebCore.csproj", "{141DD4D4-D1C2-4E87-A19C-5A1884FA35A2}"
EndProject
Global
	GlobalSection(SolutionConfigurationPlatforms) = preSolution
		Debug|Any CPU = Debug|Any CPU
		Release|Any CPU = Release|Any CPU
	EndGlobalSection
	GlobalSection(ProjectConfigurationPlatforms) = postSolution
		{B66D1B23-DDBE-4D80-B973-924FC40AFC66}.Debug|Any CPU.ActiveCfg = Debug|Any CPU
		{B66D1B23-DDBE-4D80-B973-924FC40AFC66}.Debug|Any CPU.Build.0 = Debug|Any CPU
		{B66D1B23-DDBE-4D80-B973-924FC40AFC66}.Release|Any CPU.ActiveCfg = Release|Any CPU
		{B66D1B23-DDBE-4D80-B973-924FC40AFC66}.Release|Any CPU.Build.0 = Release|Any CPU
		{93A08086-65EB-43C6-9851-1CBB987C50F9}.Debug|Any CPU.ActiveCfg = Debug|Any CPU
		{93A08086-65EB-43C6-9851-1CBB987C50F9}.Debug|Any CPU.Build.0 = Debug|Any CPU
		{93A08086-65EB-43C6-9851-1CBB987C50F9}.Release|Any CPU.ActiveCfg = Release|Any CPU
		{93A08086-65EB-43C6-9851-1CBB987C50F9}.Release|Any CPU.Build.0 = Release|Any CPU
		{006BA07E-3E10-427F-BB68-B7F9C69A11F6}.Debug|Any CPU.ActiveCfg = Debug|Any CPU
		{006BA07E-3E10-427F-BB68-B7F9C69A11F6}.Debug|Any CPU.Build.0 = Debug|Any CPU
		{006BA07E-3E10-427F-BB68-B7F9C69A11F6}.Release|Any CPU.ActiveCfg = Release|Any CPU
		{006BA07E-3E10-427F-BB68-B7F9C69A11F6}.Release|Any CPU.Build.0 = Release|Any CPU
		{98844B99-4D6A-4858-9E42-7A106A8F0E61}.Debug|Any CPU.ActiveCfg = Debug|Any CPU
		{98844B99-4D6A-4858-9E42-7A106A8F0E61}.Debug|Any CPU.Build.0 = Debug|Any CPU
		{98844B99-4D6A-4858-9E42-7A106A8F0E61}.Release|Any CPU.ActiveCfg = Release|Any CPU
		{98844B99-4D6A-4858-9E42-7A106A8F0E61}.Release|Any CPU.Build.0 = Release|Any CPU
		{625AFA35-77E1-4038-9D66-FB669916CBB8}.Debug|Any CPU.ActiveCfg = Debug|Any CPU
		{625AFA35-77E1-4038-9D66-FB669916CBB8}.Debug|Any CPU.Build.0 = Debug|Any CPU
		{625AFA35-77E1-4038-9D66-FB669916CBB8}.Release|Any CPU.ActiveCfg = Release|Any CPU
		{625AFA35-77E1-4038-9D66-FB669916CBB8}.Release|Any CPU.Build.0 = Release|Any CPU
		{2416C779-60EA-4A65-9DD8-80FA33499D93}.Debug|Any CPU.ActiveCfg = Debug|Any CPU
		{2416C779-60EA-4A65-9DD8-80FA33499D93}.Debug|Any CPU.Build.0 = Debug|Any CPU
		{2416C779-60EA-4A65-9DD8-80FA33499D93}.Release|Any CPU.ActiveCfg = Release|Any CPU
		{2416C779-60EA-4A65-9DD8-80FA33499D93}.Release|Any CPU.Build.0 = Release|Any CPU
		{146832FD-AAA1-4017-B8E8-C649309EEC24}.Debug|Any CPU.ActiveCfg = Debug|Any CPU
		{146832FD-AAA1-4017-B8E8-C649309EEC24}.Debug|Any CPU.Build.0 = Debug|Any CPU
		{146832FD-AAA1-4017-B8E8-C649309EEC24}.Release|Any CPU.ActiveCfg = Release|Any CPU
		{146832FD-AAA1-4017-B8E8-C649309EEC24}.Release|Any CPU.Build.0 = Release|Any CPU
		{C6B5A6DD-DBDE-4084-BF23-CCE12998029A}.Debug|Any CPU.ActiveCfg = Debug|Any CPU
		{C6B5A6DD-DBDE-4084-BF23-CCE12998029A}.Debug|Any CPU.Build.0 = Debug|Any CPU
		{C6B5A6DD-DBDE-4084-BF23-CCE12998029A}.Release|Any CPU.ActiveCfg = Release|Any CPU
		{C6B5A6DD-DBDE-4084-BF23-CCE12998029A}.Release|Any CPU.Build.0 = Release|Any CPU
		{C3991236-09F9-4E01-9713-658835EB92F5}.Debug|Any CPU.ActiveCfg = Debug|Any CPU
		{C3991236-09F9-4E01-9713-658835EB92F5}.Debug|Any CPU.Build.0 = Debug|Any CPU
		{C3991236-09F9-4E01-9713-658835EB92F5}.Release|Any CPU.ActiveCfg = Release|Any CPU
		{C3991236-09F9-4E01-9713-658835EB92F5}.Release|Any CPU.Build.0 = Release|Any CPU
		{2B0035CA-C6D3-4912-AC9D-BFDFCAEED7E4}.Debug|Any CPU.ActiveCfg = Debug|Any CPU
		{2B0035CA-C6D3-4912-AC9D-BFDFCAEED7E4}.Debug|Any CPU.Build.0 = Debug|Any CPU
		{2B0035CA-C6D3-4912-AC9D-BFDFCAEED7E4}.Release|Any CPU.ActiveCfg = Release|Any CPU
		{2B0035CA-C6D3-4912-AC9D-BFDFCAEED7E4}.Release|Any CPU.Build.0 = Release|Any CPU
		{FB07A813-9877-4585-A3D5-913BF45E146E}.Debug|Any CPU.ActiveCfg = Debug|Any CPU
		{FB07A813-9877-4585-A3D5-913BF45E146E}.Debug|Any CPU.Build.0 = Debug|Any CPU
		{FB07A813-9877-4585-A3D5-913BF45E146E}.Release|Any CPU.ActiveCfg = Release|Any CPU
		{FB07A813-9877-4585-A3D5-913BF45E146E}.Release|Any CPU.Build.0 = Release|Any CPU
		{14864CC9-347F-4A95-B0F4-DAE1426C453C}.Debug|Any CPU.ActiveCfg = Debug|Any CPU
		{14864CC9-347F-4A95-B0F4-DAE1426C453C}.Debug|Any CPU.Build.0 = Debug|Any CPU
		{14864CC9-347F-4A95-B0F4-DAE1426C453C}.Release|Any CPU.ActiveCfg = Release|Any CPU
		{14864CC9-347F-4A95-B0F4-DAE1426C453C}.Release|Any CPU.Build.0 = Release|Any CPU
		{BC06505C-88F3-4F98-AD47-F40C50291C89}.Debug|Any CPU.ActiveCfg = Debug|Any CPU
		{BC06505C-88F3-4F98-AD47-F40C50291C89}.Debug|Any CPU.Build.0 = Debug|Any CPU
		{BC06505C-88F3-4F98-AD47-F40C50291C89}.Release|Any CPU.ActiveCfg = Release|Any CPU
		{BC06505C-88F3-4F98-AD47-F40C50291C89}.Release|Any CPU.Build.0 = Release|Any CPU
		{CEF7E6B1-65A8-4ED3-A33E-E0D6C402519E}.Debug|Any CPU.ActiveCfg = Debug|Any CPU
		{CEF7E6B1-65A8-4ED3-A33E-E0D6C402519E}.Debug|Any CPU.Build.0 = Debug|Any CPU
		{CEF7E6B1-65A8-4ED3-A33E-E0D6C402519E}.Release|Any CPU.ActiveCfg = Release|Any CPU
		{CEF7E6B1-65A8-4ED3-A33E-E0D6C402519E}.Release|Any CPU.Build.0 = Release|Any CPU
		{25CD91C8-5F0C-4350-B402-F99F09D7BC51}.Debug|Any CPU.ActiveCfg = Debug|Any CPU
		{25CD91C8-5F0C-4350-B402-F99F09D7BC51}.Debug|Any CPU.Build.0 = Debug|Any CPU
		{25CD91C8-5F0C-4350-B402-F99F09D7BC51}.Release|Any CPU.ActiveCfg = Release|Any CPU
		{25CD91C8-5F0C-4350-B402-F99F09D7BC51}.Release|Any CPU.Build.0 = Release|Any CPU
		{B1B0E629-AE0F-42EF-A8B4-900F1748B76C}.Debug|Any CPU.ActiveCfg = Debug|Any CPU
		{B1B0E629-AE0F-42EF-A8B4-900F1748B76C}.Debug|Any CPU.Build.0 = Debug|Any CPU
		{B1B0E629-AE0F-42EF-A8B4-900F1748B76C}.Release|Any CPU.ActiveCfg = Release|Any CPU
		{B1B0E629-AE0F-42EF-A8B4-900F1748B76C}.Release|Any CPU.Build.0 = Release|Any CPU
		{81AAE58F-D764-4E8C-AD58-87440FFC82B1}.Debug|Any CPU.ActiveCfg = Debug|Any CPU
		{81AAE58F-D764-4E8C-AD58-87440FFC82B1}.Debug|Any CPU.Build.0 = Debug|Any CPU
		{81AAE58F-D764-4E8C-AD58-87440FFC82B1}.Release|Any CPU.ActiveCfg = Release|Any CPU
		{81AAE58F-D764-4E8C-AD58-87440FFC82B1}.Release|Any CPU.Build.0 = Release|Any CPU
		{BCD2CF5A-131C-410E-AE89-7044421D82E8}.Debug|Any CPU.ActiveCfg = Debug|Any CPU
		{BCD2CF5A-131C-410E-AE89-7044421D82E8}.Debug|Any CPU.Build.0 = Debug|Any CPU
		{BCD2CF5A-131C-410E-AE89-7044421D82E8}.Release|Any CPU.ActiveCfg = Release|Any CPU
		{BCD2CF5A-131C-410E-AE89-7044421D82E8}.Release|Any CPU.Build.0 = Release|Any CPU
		{9B729CC7-98F4-4D4B-9275-83921BE0AD08}.Debug|Any CPU.ActiveCfg = Debug|Any CPU
		{9B729CC7-98F4-4D4B-9275-83921BE0AD08}.Debug|Any CPU.Build.0 = Debug|Any CPU
		{9B729CC7-98F4-4D4B-9275-83921BE0AD08}.Release|Any CPU.ActiveCfg = Release|Any CPU
		{9B729CC7-98F4-4D4B-9275-83921BE0AD08}.Release|Any CPU.Build.0 = Release|Any CPU
		{261564B5-4C4F-4708-89CC-E78D783D4341}.Debug|Any CPU.ActiveCfg = Debug|Any CPU
		{261564B5-4C4F-4708-89CC-E78D783D4341}.Debug|Any CPU.Build.0 = Debug|Any CPU
		{261564B5-4C4F-4708-89CC-E78D783D4341}.Release|Any CPU.ActiveCfg = Release|Any CPU
		{261564B5-4C4F-4708-89CC-E78D783D4341}.Release|Any CPU.Build.0 = Release|Any CPU
		{7BB1C89F-8AE6-4424-BAA1-D05E3CCD6F4A}.Debug|Any CPU.ActiveCfg = Debug|Any CPU
		{7BB1C89F-8AE6-4424-BAA1-D05E3CCD6F4A}.Debug|Any CPU.Build.0 = Debug|Any CPU
		{7BB1C89F-8AE6-4424-BAA1-D05E3CCD6F4A}.Release|Any CPU.ActiveCfg = Release|Any CPU
		{7BB1C89F-8AE6-4424-BAA1-D05E3CCD6F4A}.Release|Any CPU.Build.0 = Release|Any CPU
		{84987D27-2E26-4F21-B5EB-8BB3452A4398}.Debug|Any CPU.ActiveCfg = Debug|Any CPU
		{84987D27-2E26-4F21-B5EB-8BB3452A4398}.Debug|Any CPU.Build.0 = Debug|Any CPU
		{84987D27-2E26-4F21-B5EB-8BB3452A4398}.Release|Any CPU.ActiveCfg = Release|Any CPU
		{84987D27-2E26-4F21-B5EB-8BB3452A4398}.Release|Any CPU.Build.0 = Release|Any CPU
		{B00FCBA1-3502-4C33-8A20-DB4F8AB8A2DE}.Debug|Any CPU.ActiveCfg = Debug|Any CPU
		{B00FCBA1-3502-4C33-8A20-DB4F8AB8A2DE}.Debug|Any CPU.Build.0 = Debug|Any CPU
		{B00FCBA1-3502-4C33-8A20-DB4F8AB8A2DE}.Release|Any CPU.ActiveCfg = Release|Any CPU
		{B00FCBA1-3502-4C33-8A20-DB4F8AB8A2DE}.Release|Any CPU.Build.0 = Release|Any CPU
		{8EEF259F-24F7-4B53-A015-529926498B0C}.Debug|Any CPU.ActiveCfg = Debug|Any CPU
		{8EEF259F-24F7-4B53-A015-529926498B0C}.Debug|Any CPU.Build.0 = Debug|Any CPU
		{8EEF259F-24F7-4B53-A015-529926498B0C}.Release|Any CPU.ActiveCfg = Release|Any CPU
		{8EEF259F-24F7-4B53-A015-529926498B0C}.Release|Any CPU.Build.0 = Release|Any CPU
		{1E535B9D-EA6B-49B9-9127-88B547001F73}.Debug|Any CPU.ActiveCfg = Debug|Any CPU
		{1E535B9D-EA6B-49B9-9127-88B547001F73}.Debug|Any CPU.Build.0 = Debug|Any CPU
		{1E535B9D-EA6B-49B9-9127-88B547001F73}.Release|Any CPU.ActiveCfg = Release|Any CPU
		{1E535B9D-EA6B-49B9-9127-88B547001F73}.Release|Any CPU.Build.0 = Release|Any CPU
		{2487E382-4376-4DA0-BB4E-DE9F775DE444}.Debug|Any CPU.ActiveCfg = Debug|Any CPU
		{2487E382-4376-4DA0-BB4E-DE9F775DE444}.Debug|Any CPU.Build.0 = Debug|Any CPU
		{2487E382-4376-4DA0-BB4E-DE9F775DE444}.Release|Any CPU.ActiveCfg = Release|Any CPU
		{2487E382-4376-4DA0-BB4E-DE9F775DE444}.Release|Any CPU.Build.0 = Release|Any CPU
		{141DD4D4-D1C2-4E87-A19C-5A1884FA35A2}.Debug|Any CPU.ActiveCfg = Debug|Any CPU
		{141DD4D4-D1C2-4E87-A19C-5A1884FA35A2}.Debug|Any CPU.Build.0 = Debug|Any CPU
		{141DD4D4-D1C2-4E87-A19C-5A1884FA35A2}.Release|Any CPU.ActiveCfg = Release|Any CPU
		{141DD4D4-D1C2-4E87-A19C-5A1884FA35A2}.Release|Any CPU.Build.0 = Release|Any CPU
	EndGlobalSection
	GlobalSection(SolutionProperties) = preSolution
		HideSolutionNode = FALSE
	EndGlobalSection
	GlobalSection(NestedProjects) = preSolution
		{B66D1B23-DDBE-4D80-B973-924FC40AFC66} = {D4F1FF72-6172-4BC3-84ED-D11E26E44948}
		{93A08086-65EB-43C6-9851-1CBB987C50F9} = {AF31D7A6-B5B7-43F5-A818-7DBF3C901C57}
		{006BA07E-3E10-427F-BB68-B7F9C69A11F6} = {AF31D7A6-B5B7-43F5-A818-7DBF3C901C57}
		{98844B99-4D6A-4858-9E42-7A106A8F0E61} = {85CD30CA-8FEF-4F83-989A-FA9C7EFE5F91}
		{625AFA35-77E1-4038-9D66-FB669916CBB8} = {85CD30CA-8FEF-4F83-989A-FA9C7EFE5F91}
		{2416C779-60EA-4A65-9DD8-80FA33499D93} = {85CD30CA-8FEF-4F83-989A-FA9C7EFE5F91}
		{146832FD-AAA1-4017-B8E8-C649309EEC24} = {85CD30CA-8FEF-4F83-989A-FA9C7EFE5F91}
		{C6B5A6DD-DBDE-4084-BF23-CCE12998029A} = {85CD30CA-8FEF-4F83-989A-FA9C7EFE5F91}
		{C3991236-09F9-4E01-9713-658835EB92F5} = {D4F1FF72-6172-4BC3-84ED-D11E26E44948}
		{2B0035CA-C6D3-4912-AC9D-BFDFCAEED7E4} = {D4F1FF72-6172-4BC3-84ED-D11E26E44948}
		{FB07A813-9877-4585-A3D5-913BF45E146E} = {D4F1FF72-6172-4BC3-84ED-D11E26E44948}
		{14864CC9-347F-4A95-B0F4-DAE1426C453C} = {4AC572B2-4F61-4DC9-A2C7-CD53D5BEEE00}
		{BC06505C-88F3-4F98-AD47-F40C50291C89} = {B501A32C-D54E-4F5F-9027-F03B3AB8A9B3}
		{CEF7E6B1-65A8-4ED3-A33E-E0D6C402519E} = {B0AA8CF1-D844-404F-A663-6BC738A99365}
		{25CD91C8-5F0C-4350-B402-F99F09D7BC51} = {9BCEDF72-7093-4664-B512-4C2D52D70D2F}
		{B665C1C2-CB59-4185-A2E8-D7A2C54EC6EF} = {B0AA8CF1-D844-404F-A663-6BC738A99365}
		{B1B0E629-AE0F-42EF-A8B4-900F1748B76C} = {B665C1C2-CB59-4185-A2E8-D7A2C54EC6EF}
		{51A325F9-91AD-4F27-A266-63D6C555A357} = {B0AA8CF1-D844-404F-A663-6BC738A99365}
		{81AAE58F-D764-4E8C-AD58-87440FFC82B1} = {51A325F9-91AD-4F27-A266-63D6C555A357}
		{A3E33AB9-5808-4A17-9CA2-A0B26DC9ECF0} = {B0AA8CF1-D844-404F-A663-6BC738A99365}
		{BCD2CF5A-131C-410E-AE89-7044421D82E8} = {A3E33AB9-5808-4A17-9CA2-A0B26DC9ECF0}
		{9B729CC7-98F4-4D4B-9275-83921BE0AD08} = {A3E33AB9-5808-4A17-9CA2-A0B26DC9ECF0}
		{261564B5-4C4F-4708-89CC-E78D783D4341} = {9BCEDF72-7093-4664-B512-4C2D52D70D2F}
		{7BB1C89F-8AE6-4424-BAA1-D05E3CCD6F4A} = {2B593B7A-8731-4446-8548-2B5681474577}
		{84987D27-2E26-4F21-B5EB-8BB3452A4398} = {2B593B7A-8731-4446-8548-2B5681474577}
		{B00FCBA1-3502-4C33-8A20-DB4F8AB8A2DE} = {2B593B7A-8731-4446-8548-2B5681474577}
		{8EEF259F-24F7-4B53-A015-529926498B0C} = {2B593B7A-8731-4446-8548-2B5681474577}
		{1E535B9D-EA6B-49B9-9127-88B547001F73} = {D0A5C5FB-691F-4043-8EE0-73061813105A}
		{2487E382-4376-4DA0-BB4E-DE9F775DE444} = {2B593B7A-8731-4446-8548-2B5681474577}
		{141DD4D4-D1C2-4E87-A19C-5A1884FA35A2} = {9BCEDF72-7093-4664-B512-4C2D52D70D2F}
	EndGlobalSection
	GlobalSection(ExtensibilityGlobals) = postSolution
		SolutionGuid = {FF4B2665-B2F2-40C1-8C5D-A3886389B2A6}
	EndGlobalSection
EndGlobal
